
Microsoft Visual Studio Solution File, Format Version 12.00
# Visual Studio 15
VisualStudioVersion = 15.0.28010.2019
MinimumVisualStudioVersion = 10.0.40219.1
Project("{FAE04EC0-301F-11D3-BF4B-00C04F79EFBC}") = "MyFirstAspNetCoreApp", "MyFirstAspNetCoreApp\MyFirstAspNetCoreApp.csproj", "{AC103854-B011-46F8-906C-9ADFD8831B7E}"
EndProject
Global
	GlobalSection(SolutionConfigurationPlatforms) = preSolution
		Debug|Any CPU = Debug|Any CPU
		Release|Any CPU = Release|Any CPU
	EndGlobalSection
	GlobalSection(ProjectConfigurationPlatforms) = postSolution
		{AC103854-B011-46F8-906C-9ADFD8831B7E}.Debug|Any CPU.ActiveCfg = Debug|Any CPU
		{AC103854-B011-46F8-906C-9ADFD8831B7E}.Debug|Any CPU.Build.0 = Debug|Any CPU
		{AC103854-B011-46F8-906C-9ADFD8831B7E}.Release|Any CPU.ActiveCfg = Release|Any CPU
		{AC103854-B011-46F8-906C-9ADFD8831B7E}.Release|Any CPU.Build.0 = Release|Any CPU
	EndGlobalSection
	GlobalSection(SolutionProperties) = preSolution
		HideSolutionNode = FALSE
	EndGlobalSection
	GlobalSection(ExtensibilityGlobals) = postSolution
		SolutionGuid = {39B4AC9B-8456-4000-AC5D-3BEE35BB7ED9}
	EndGlobalSection
EndGlobal
